
Microsoft Visual Studio Solution File, Format Version 12.00
# Visual Studio 15
VisualStudioVersion = 15.0.28010.2046
MinimumVisualStudioVersion = 10.0.40219.1
Project("{FAE04EC0-301F-11D3-BF4B-00C04F79EFBC}") = "AngularApp", "AngularApp\AngularApp.csproj", "{D574E5D3-05B1-45CA-BFFD-60BAEA54CAA7}"
EndProject
Global
	GlobalSection(SolutionConfigurationPlatforms) = preSolution
		Debug|Any CPU = Debug|Any CPU
		Release|Any CPU = Release|Any CPU
	EndGlobalSection
	GlobalSection(ProjectConfigurationPlatforms) = postSolution
		{D574E5D3-05B1-45CA-BFFD-60BAEA54CAA7}.Debug|Any CPU.ActiveCfg = Debug|Any CPU
		{D574E5D3-05B1-45CA-BFFD-60BAEA54CAA7}.Debug|Any CPU.Build.0 = Debug|Any CPU
		{D574E5D3-05B1-45CA-BFFD-60BAEA54CAA7}.Release|Any CPU.ActiveCfg = Release|Any CPU
		{D574E5D3-05B1-45CA-BFFD-60BAEA54CAA7}.Release|Any CPU.Build.0 = Release|Any CPU
	EndGlobalSection
	GlobalSection(SolutionProperties) = preSolution
		HideSolutionNode = FALSE
	EndGlobalSection
	GlobalSection(ExtensibilityGlobals) = postSolution
		SolutionGuid = {F89DCC77-6EAB-4F36-9E84-BC916CF138D1}
	EndGlobalSection
EndGlobal
